// !$*UTF8*$!
{
	archiveVersion = 1;
	classes = {
	};
	objectVersion = 46;
	objects = {

/* Begin PBXBuildFile section */
		6742D8AD1C4C41A200A689D1 /* UIImage+Gif.swift in Sources */ = {isa = PBXBuildFile; fileRef = 6742D8AC1C4C41A200A689D1 /* UIImage+Gif.swift */; };
		67BD91B81C3ED08200637125 /* AppDelegate.swift in Sources */ = {isa = PBXBuildFile; fileRef = 67BD91B71C3ED08200637125 /* AppDelegate.swift */; };
		67BD91BA1C3ED08200637125 /* ViewController.swift in Sources */ = {isa = PBXBuildFile; fileRef = 67BD91B91C3ED08200637125 /* ViewController.swift */; };
		67BD91BD1C3ED08200637125 /* Main.storyboard in Resources */ = {isa = PBXBuildFile; fileRef = 67BD91BB1C3ED08200637125 /* Main.storyboard */; };
		67BD91BF1C3ED08200637125 /* Assets.xcassets in Resources */ = {isa = PBXBuildFile; fileRef = 67BD91BE1C3ED08200637125 /* Assets.xcassets */; };
		67BD91C21C3ED08200637125 /* LaunchScreen.storyboard in Resources */ = {isa = PBXBuildFile; fileRef = 67BD91C01C3ED08200637125 /* LaunchScreen.storyboard */; };
		67C477A41C40A46B00CF4443 /* AdditionalViewController.swift in Sources */ = {isa = PBXBuildFile; fileRef = 67C477A31C40A46B00CF4443 /* AdditionalViewController.swift */; };
/* End PBXBuildFile section */

/* Begin PBXFileReference section */
		6742D8AC1C4C41A200A689D1 /* UIImage+Gif.swift */ = {isa = PBXFileReference; fileEncoding = 4; lastKnownFileType = sourcecode.swift; path = "UIImage+Gif.swift"; sourceTree = "<group>"; };
		67BD91B41C3ED08100637125 /* Statusboard.app */ = {isa = PBXFileReference; explicitFileType = wrapper.application; includeInIndex = 0; path = Statusboard.app; sourceTree = BUILT_PRODUCTS_DIR; };
		67BD91B71C3ED08200637125 /* AppDelegate.swift */ = {isa = PBXFileReference; lastKnownFileType = sourcecode.swift; path = AppDelegate.swift; sourceTree = "<group>"; };
		67BD91B91C3ED08200637125 /* ViewController.swift */ = {isa = PBXFileReference; lastKnownFileType = sourcecode.swift; path = ViewController.swift; sourceTree = "<group>"; };
		67BD91BC1C3ED08200637125 /* Base */ = {isa = PBXFileReference; lastKnownFileType = file.storyboard; name = Base; path = Base.lproj/Main.storyboard; sourceTree = "<group>"; };
		67BD91BE1C3ED08200637125 /* Assets.xcassets */ = {isa = PBXFileReference; lastKnownFileType = folder.assetcatalog; path = Assets.xcassets; sourceTree = "<group>"; };
		67BD91C11C3ED08200637125 /* Base */ = {isa = PBXFileReference; lastKnownFileType = file.storyboard; name = Base; path = Base.lproj/LaunchScreen.storyboard; sourceTree = "<group>"; };
		67BD91C31C3ED08200637125 /* Info.plist */ = {isa = PBXFileReference; lastKnownFileType = text.plist.xml; path = Info.plist; sourceTree = "<group>"; };
		67C477A31C40A46B00CF4443 /* AdditionalViewController.swift */ = {isa = PBXFileReference; fileEncoding = 4; lastKnownFileType = sourcecode.swift; path = AdditionalViewController.swift; sourceTree = "<group>"; };
/* End PBXFileReference section */

/* Begin PBXFrameworksBuildPhase section */
		67BD91B11C3ED08100637125 /* Frameworks */ = {
			isa = PBXFrameworksBuildPhase;
			buildActionMask = 2147483647;
			files = (
			);
			runOnlyForDeploymentPostprocessing = 0;
		};
/* End PBXFrameworksBuildPhase section */

/* Begin PBXGroup section */
		67BD91AB1C3ED08100637125 = {
			isa = PBXGroup;
			children = (
				67BD91B61C3ED08100637125 /* Statusboard */,
				67BD91B51C3ED08100637125 /* Products */,
			);
			sourceTree = "<group>";
		};
		67BD91B51C3ED08100637125 /* Products */ = {
			isa = PBXGroup;
			children = (
				67BD91B41C3ED08100637125 /* Statusboard.app */,
			);
			name = Products;
			sourceTree = "<group>";
		};
		67BD91B61C3ED08100637125 /* Statusboard */ = {
			isa = PBXGroup;
			children = (
				67BD91B71C3ED08200637125 /* AppDelegate.swift */,
				67BD91B91C3ED08200637125 /* ViewController.swift */,
				67C477A31C40A46B00CF4443 /* AdditionalViewController.swift */,
				67BD91BB1C3ED08200637125 /* Main.storyboard */,
				67BD91BE1C3ED08200637125 /* Assets.xcassets */,
				67BD91C01C3ED08200637125 /* LaunchScreen.storyboard */,
				67BD91C31C3ED08200637125 /* Info.plist */,
				67BD91CB1C3ED36300637125 /* Supporting Files */,
			);
			path = Statusboard;
			sourceTree = "<group>";
		};
		67BD91CB1C3ED36300637125 /* Supporting Files */ = {
			isa = PBXGroup;
			children = (
				6742D8AC1C4C41A200A689D1 /* UIImage+Gif.swift */,
			);
			name = "Supporting Files";
			sourceTree = "<group>";
		};
/* End PBXGroup section */

/* Begin PBXNativeTarget section */
		67BD91B31C3ED08100637125 /* Statusboard */ = {
			isa = PBXNativeTarget;
			buildConfigurationList = 67BD91C61C3ED08200637125 /* Build configuration list for PBXNativeTarget "Statusboard" */;
			buildPhases = (
				67BD91B01C3ED08100637125 /* Sources */,
				67BD91B11C3ED08100637125 /* Frameworks */,
				67BD91B21C3ED08100637125 /* Resources */,
			);
			buildRules = (
			);
			dependencies = (
			);
			name = Statusboard;
			productName = Statusboard;
			productReference = 67BD91B41C3ED08100637125 /* Statusboard.app */;
			productType = "com.apple.product-type.application";
		};
/* End PBXNativeTarget section */

/* Begin PBXProject section */
		67BD91AC1C3ED08100637125 /* Project object */ = {
			isa = PBXProject;
			attributes = {
				LastSwiftUpdateCheck = 0720;
				LastUpgradeCheck = 0720;
				TargetAttributes = {
					67BD91B31C3ED08100637125 = {
						CreatedOnToolsVersion = 7.2;
					};
				};
			};
			buildConfigurationList = 67BD91AF1C3ED08100637125 /* Build configuration list for PBXProject "Statusboard" */;
			compatibilityVersion = "Xcode 3.2";
			developmentRegion = English;
			hasScannedForEncodings = 0;
			knownRegions = (
				en,
				Base,
			);
			mainGroup = 67BD91AB1C3ED08100637125;
			productRefGroup = 67BD91B51C3ED08100637125 /* Products */;
			projectDirPath = "";
			projectRoot = "";
			targets = (
				67BD91B31C3ED08100637125 /* Statusboard */,
			);
		};
/* End PBXProject section */

/* Begin PBXResourcesBuildPhase section */
		67BD91B21C3ED08100637125 /* Resources */ = {
			isa = PBXResourcesBuildPhase;
			buildActionMask = 2147483647;
			files = (
				67BD91C21C3ED08200637125 /* LaunchScreen.storyboard in Resources */,
				67BD91BF1C3ED08200637125 /* Assets.xcassets in Resources */,
				67BD91BD1C3ED08200637125 /* Main.storyboard in Resources */,
			);
			runOnlyForDeploymentPostprocessing = 0;
		};
/* End PBXResourcesBuildPhase section */

/* Begin PBXSourcesBuildPhase section */
		67BD91B01C3ED08100637125 /* Sources */ = {
			isa = PBXSourcesBuildPhase;
			buildActionMask = 2147483647;
			files = (
				67C477A41C40A46B00CF4443 /* AdditionalViewController.swift in Sources */,
				67BD91BA1C3ED08200637125 /* ViewController.swift in Sources */,
				6742D8AD1C4C41A200A689D1 /* UIImage+Gif.swift in Sources */,
				67BD91B81C3ED08200637125 /* AppDelegate.swift in Sources */,
			);
			runOnlyForDeploymentPostprocessing = 0;
		};
/* End PBXSourcesBuildPhase section */

/* Begin PBXVariantGroup section */
		67BD91BB1C3ED08200637125 /* Main.storyboard */ = {
			isa = PBXVariantGroup;
			children = (
				67BD91BC1C3ED08200637125 /* Base */,
			);
			name = Main.storyboard;
			sourceTree = "<group>";
		};
		67BD91C01C3ED08200637125 /* LaunchScreen.storyboard */ = {
			isa = PBXVariantGroup;
			children = (
				67BD91C11C3ED08200637125 /* Base */,
			);
			name = LaunchScreen.storyboard;
			sourceTree = "<group>";
		};
/* End PBXVariantGroup section */

/* Begin XCBuildConfiguration section */
		67BD91C41C3ED08200637125 /* Debug */ = {
			isa = XCBuildConfiguration;
			buildSettings = {
				ALWAYS_SEARCH_USER_PATHS = NO;
				CLANG_CXX_LANGUAGE_STANDARD = "gnu++0x";
				CLANG_CXX_LIBRARY = "libc++";
				CLANG_ENABLE_MODULES = YES;
				CLANG_ENABLE_OBJC_ARC = YES;
				CLANG_WARN_BOOL_CONVERSION = YES;
				CLANG_WARN_CONSTANT_CONVERSION = YES;
				CLANG_WARN_DIRECT_OBJC_ISA_USAGE = YES_ERROR;
				CLANG_WARN_EMPTY_BODY = YES;
				CLANG_WARN_ENUM_CONVERSION = YES;
				CLANG_WARN_INT_CONVERSION = YES;
				CLANG_WARN_OBJC_ROOT_CLASS = YES_ERROR;
				CLANG_WARN_UNREACHABLE_CODE = YES;
				CLANG_WARN__DUPLICATE_METHOD_MATCH = YES;
				"CODE_SIGN_IDENTITY[sdk=iphoneos*]" = "iPhone Developer";
				COPY_PHASE_STRIP = NO;
				DEBUG_INFORMATION_FORMAT = dwarf;
				ENABLE_STRICT_OBJC_MSGSEND = YES;
				ENABLE_TESTABILITY = YES;
				GCC_C_LANGUAGE_STANDARD = gnu99;
				GCC_DYNAMIC_NO_PIC = NO;
				GCC_NO_COMMON_BLOCKS = YES;
				GCC_OPTIMIZATION_LEVEL = 0;
				GCC_PREPROCESSOR_DEFINITIONS = (
					"DEBUG=1",
					"$(inherited)",
				);
				GCC_WARN_64_TO_32_BIT_CONVERSION = YES;
				GCC_WARN_ABOUT_RETURN_TYPE = YES_ERROR;
				GCC_WARN_UNDECLARED_SELECTOR = YES;
				GCC_WARN_UNINITIALIZED_AUTOS = YES_AGGRESSIVE;
				GCC_WARN_UNUSED_FUNCTION = YES;
				GCC_WARN_UNUSED_VARIABLE = YES;
				IPHONEOS_DEPLOYMENT_TARGET = 9.2;
				MTL_ENABLE_DEBUG_INFO = YES;
				ONLY_ACTIVE_ARCH = YES;
				SDKROOT = iphoneos;
				SWIFT_OPTIMIZATION_LEVEL = "-Onone";
				TARGETED_DEVICE_FAMILY = 2;
			};
			name = Debug;
		};
		67BD91C51C3ED08200637125 /* Release */ = {
			isa = XCBuildConfiguration;
			buildSettings = {
				ALWAYS_SEARCH_USER_PATHS = NO;
				CLANG_CXX_LANGUAGE_STANDARD = "gnu++0x";
				CLANG_CXX_LIBRARY = "libc++";
				CLANG_ENABLE_MODULES = YES;
				CLANG_ENABLE_OBJC_ARC = YES;
				CLANG_WARN_BOOL_CONVERSION = YES;
				CLANG_WARN_CONSTANT_CONVERSION = YES;
				CLANG_WARN_DIRECT_OBJC_ISA_USAGE = YES_ERROR;
				CLANG_WARN_EMPTY_BODY = YES;
				CLANG_WARN_ENUM_CONVERSION = YES;
				CLANG_WARN_INT_CONVERSION = YES;
				CLANG_WARN_OBJC_ROOT_CLASS = YES_ERROR;
				CLANG_WARN_UNREACHABLE_CODE = YES;
				CLANG_WARN__DUPLICATE_METHOD_MATCH = YES;
				"CODE_SIGN_IDENTITY[sdk=iphoneos*]" = "iPhone Developer";
				COPY_PHASE_STRIP = NO;
				DEBUG_INFORMATION_FORMAT = "dwarf-with-dsym";
				ENABLE_NS_ASSERTIONS = NO;
				ENABLE_STRICT_OBJC_MSGSEND = YES;
				GCC_C_LANGUAGE_STANDARD = gnu99;
				GCC_NO_COMMON_BLOCKS = YES;
				GCC_WARN_64_TO_32_BIT_CONVERSION = YES;
				GCC_WARN_ABOUT_RETURN_TYPE = YES_ERROR;
				GCC_WARN_UNDECLARED_SELECTOR = YES;
				GCC_WARN_UNINITIALIZED_AUTOS = YES_AGGRESSIVE;
				GCC_WARN_UNUSED_FUNCTION = YES;
				GCC_WARN_UNUSED_VARIABLE = YES;
				IPHONEOS_DEPLOYMENT_TARGET = 9.2;
				MTL_ENABLE_DEBUG_INFO = NO;
				SDKROOT = iphoneos;
				TARGETED_DEVICE_FAMILY = 2;
				VALIDATE_PRODUCT = YES;
			};
			name = Release;
		};
		67BD91C71C3ED08200637125 /* Debug */ = {
			isa = XCBuildConfiguration;
			buildSettings = {
				ASSETCATALOG_COMPILER_APPICON_NAME = AppIcon;
				INFOPLIST_FILE = Statusboard/Info.plist;
				LD_RUNPATH_SEARCH_PATHS = "$(inherited) @executable_path/Frameworks";
				PRODUCT_BUNDLE_IDENTIFIER = treehacks.com.Statusboard;
				PRODUCT_NAME = "$(TARGET_NAME)";
				TARGETED_DEVICE_FAMILY = 1;
			};
			name = Debug;
		};
		67BD91C81C3ED08200637125 /* Release */ = {
			isa = XCBuildConfiguration;
			buildSettings = {
				ASSETCATALOG_COMPILER_APPICON_NAME = AppIcon;
				INFOPLIST_FILE = Statusboard/Info.plist;
				LD_RUNPATH_SEARCH_PATHS = "$(inherited) @executable_path/Frameworks";
				PRODUCT_BUNDLE_IDENTIFIER = treehacks.com.Statusboard;
				PRODUCT_NAME = "$(TARGET_NAME)";
				TARGETED_DEVICE_FAMILY = 1;
			};
			name = Release;
		};
/* End XCBuildConfiguration section */

/* Begin XCConfigurationList section */
		67BD91AF1C3ED08100637125 /* Build configuration list for PBXProject "Statusboard" */ = {
			isa = XCConfigurationList;
			buildConfigurations = (
				67BD91C41C3ED08200637125 /* Debug */,
				67BD91C51C3ED08200637125 /* Release */,
			);
			defaultConfigurationIsVisible = 0;
			defaultConfigurationName = Release;
		};
		67BD91C61C3ED08200637125 /* Build configuration list for PBXNativeTarget "Statusboard" */ = {
			isa = XCConfigurationList;
			buildConfigurations = (
				67BD91C71C3ED08200637125 /* Debug */,
				67BD91C81C3ED08200637125 /* Release */,
			);
			defaultConfigurationIsVisible = 0;
			defaultConfigurationName = Release;
		};
/* End XCConfigurationList section */
	};
	rootObject = 67BD91AC1C3ED08100637125 /* Project object */;
}
